
Microsoft Visual Studio Solution File, Format Version 12.00
# Visual Studio Version 16
VisualStudioVersion = 16.0.29806.167
MinimumVisualStudioVersion = 10.0.40219.1
Project("{2150E333-8FDC-42A3-9474-1A3956D46DE8}") = "src", "src", "{4E81E007-1D23-47DA-9E73-72346C328910}"
EndProject
Project("{2150E333-8FDC-42A3-9474-1A3956D46DE8}") = "tests", "tests", "{27245998-F24A-4372-9EB0-FFFD18613979}"
EndProject
Project("{9A19103F-16F7-4668-BE54-9A1E7A4F7556}") = "Checkout.PaymentGateway", "src\Checkout.PaymentGateway\Checkout.PaymentGateway.csproj", "{016AEC38-2E97-426D-BA73-577615D111F1}"
EndProject
Project("{2150E333-8FDC-42A3-9474-1A3956D46DE8}") = "Common", "Common", "{87C95EFA-A837-45F1-9157-E3475411D782}"
EndProject
Project("{2150E333-8FDC-42A3-9474-1A3956D46DE8}") = "API", "API", "{F7D52CA0-FF0B-4690-9AA6-873A45CAB148}"
EndProject
Project("{FAE04EC0-301F-11D3-BF4B-00C04F79EFBC}") = "Checkout.ApplicationConfiguration", "src\Common\Checkout.ApplicationConfiguration\Checkout.ApplicationConfiguration.csproj", "{4290FB97-5F2F-4DF3-8CC2-47661A4F2C63}"
EndProject
Project("{FAE04EC0-301F-11D3-BF4B-00C04F79EFBC}") = "Checkout.Extensions", "src\Common\Checkout.Extensions\Checkout.Extensions.csproj", "{4E14297B-652B-44D8-B2FB-1BFCEC115B52}"
EndProject
Project("{2150E333-8FDC-42A3-9474-1A3956D46DE8}") = "Core", "Core", "{A0AD3C70-8D41-4C4F-8AE3-D7CED2860053}"
EndProject
Project("{FAE04EC0-301F-11D3-BF4B-00C04F79EFBC}") = "Checkout.Enums", "src\Common\Checkout.Enums\Checkout.Enums.csproj", "{920F5592-0E3C-4E13-B8F2-6C0399F03181}"
EndProject
Project("{FAE04EC0-301F-11D3-BF4B-00C04F79EFBC}") = "Checkout.Middleware", "src\Common\Checkout.Middleware\Checkout.Middleware.csproj", "{12D9C86A-AAA8-42E4-B156-AE06AFB1719B}"
EndProject
Project("{FAE04EC0-301F-11D3-BF4B-00C04F79EFBC}") = "Checkout.Models", "src\Common\Checkout.Models\Checkout.Models.csproj", "{FEFF220C-EA36-4077-8B25-BBB19FD52D20}"
EndProject
Project("{9A19103F-16F7-4668-BE54-9A1E7A4F7556}") = "Checkout.Filters", "src\Common\Checkout.Filters\Checkout.Filters.csproj", "{D63A467D-B95C-4C1B-B268-5781A0632CE9}"
EndProject
Project("{9A19103F-16F7-4668-BE54-9A1E7A4F7556}") = "Checkout.Helpers", "src\Common\Checkout.Helpers\Checkout.Helpers.csproj", "{851B3107-4615-45F4-A483-FD99931F411B}"
EndProject
Project("{FAE04EC0-301F-11D3-BF4B-00C04F79EFBC}") = "Checkout.Domain", "src\Core\Checkout.Domain\Checkout.Domain.csproj", "{30E5389F-69E7-433A-A2B5-6515BCF0AE29}"
EndProject
Project("{FAE04EC0-301F-11D3-BF4B-00C04F79EFBC}") = "Checkout.Application", "src\Core\Checkout.Application\Checkout.Application.csproj", "{6DFD46E2-DF39-4CF9-A77B-45C5BC915BF1}"
EndProject
Project("{FAE04EC0-301F-11D3-BF4B-00C04F79EFBC}") = "Checkout.Persistence", "src\Core\Checkout.Persistence\Checkout.Persistence.csproj", "{4212D519-EA37-41D8-A50F-3AB70969D533}"
EndProject
Project("{FAE04EC0-301F-11D3-BF4B-00C04F79EFBC}") = "Checkout.Tests", "tests\Checkout.Tests\Checkout.Tests.csproj", "{811280B7-19D0-4893-8C53-7EDFB20F41DF}"
EndProject
Global
	GlobalSection(SolutionConfigurationPlatforms) = preSolution
		Debug|Any CPU = Debug|Any CPU
		Release|Any CPU = Release|Any CPU
	EndGlobalSection
	GlobalSection(ProjectConfigurationPlatforms) = postSolution
		{016AEC38-2E97-426D-BA73-577615D111F1}.Debug|Any CPU.ActiveCfg = Debug|Any CPU
		{016AEC38-2E97-426D-BA73-577615D111F1}.Debug|Any CPU.Build.0 = Debug|Any CPU
		{016AEC38-2E97-426D-BA73-577615D111F1}.Release|Any CPU.ActiveCfg = Release|Any CPU
		{016AEC38-2E97-426D-BA73-577615D111F1}.Release|Any CPU.Build.0 = Release|Any CPU
		{4290FB97-5F2F-4DF3-8CC2-47661A4F2C63}.Debug|Any CPU.ActiveCfg = Debug|Any CPU
		{4290FB97-5F2F-4DF3-8CC2-47661A4F2C63}.Debug|Any CPU.Build.0 = Debug|Any CPU
		{4290FB97-5F2F-4DF3-8CC2-47661A4F2C63}.Release|Any CPU.ActiveCfg = Release|Any CPU
		{4290FB97-5F2F-4DF3-8CC2-47661A4F2C63}.Release|Any CPU.Build.0 = Release|Any CPU
		{4E14297B-652B-44D8-B2FB-1BFCEC115B52}.Debug|Any CPU.ActiveCfg = Debug|Any CPU
		{4E14297B-652B-44D8-B2FB-1BFCEC115B52}.Debug|Any CPU.Build.0 = Debug|Any CPU
		{4E14297B-652B-44D8-B2FB-1BFCEC115B52}.Release|Any CPU.ActiveCfg = Release|Any CPU
		{4E14297B-652B-44D8-B2FB-1BFCEC115B52}.Release|Any CPU.Build.0 = Release|Any CPU
		{920F5592-0E3C-4E13-B8F2-6C0399F03181}.Debug|Any CPU.ActiveCfg = Debug|Any CPU
		{920F5592-0E3C-4E13-B8F2-6C0399F03181}.Debug|Any CPU.Build.0 = Debug|Any CPU
		{920F5592-0E3C-4E13-B8F2-6C0399F03181}.Release|Any CPU.ActiveCfg = Release|Any CPU
		{920F5592-0E3C-4E13-B8F2-6C0399F03181}.Release|Any CPU.Build.0 = Release|Any CPU
		{12D9C86A-AAA8-42E4-B156-AE06AFB1719B}.Debug|Any CPU.ActiveCfg = Debug|Any CPU
		{12D9C86A-AAA8-42E4-B156-AE06AFB1719B}.Debug|Any CPU.Build.0 = Debug|Any CPU
		{12D9C86A-AAA8-42E4-B156-AE06AFB1719B}.Release|Any CPU.ActiveCfg = Release|Any CPU
		{12D9C86A-AAA8-42E4-B156-AE06AFB1719B}.Release|Any CPU.Build.0 = Release|Any CPU
		{FEFF220C-EA36-4077-8B25-BBB19FD52D20}.Debug|Any CPU.ActiveCfg = Debug|Any CPU
		{FEFF220C-EA36-4077-8B25-BBB19FD52D20}.Debug|Any CPU.Build.0 = Debug|Any CPU
		{FEFF220C-EA36-4077-8B25-BBB19FD52D20}.Release|Any CPU.ActiveCfg = Release|Any CPU
		{FEFF220C-EA36-4077-8B25-BBB19FD52D20}.Release|Any CPU.Build.0 = Release|Any CPU
		{D63A467D-B95C-4C1B-B268-5781A0632CE9}.Debug|Any CPU.ActiveCfg = Debug|Any CPU
		{D63A467D-B95C-4C1B-B268-5781A0632CE9}.Debug|Any CPU.Build.0 = Debug|Any CPU
		{D63A467D-B95C-4C1B-B268-5781A0632CE9}.Release|Any CPU.ActiveCfg = Release|Any CPU
		{D63A467D-B95C-4C1B-B268-5781A0632CE9}.Release|Any CPU.Build.0 = Release|Any CPU
		{851B3107-4615-45F4-A483-FD99931F411B}.Debug|Any CPU.ActiveCfg = Debug|Any CPU
		{851B3107-4615-45F4-A483-FD99931F411B}.Debug|Any CPU.Build.0 = Debug|Any CPU
		{851B3107-4615-45F4-A483-FD99931F411B}.Release|Any CPU.ActiveCfg = Release|Any CPU
		{851B3107-4615-45F4-A483-FD99931F411B}.Release|Any CPU.Build.0 = Release|Any CPU
		{30E5389F-69E7-433A-A2B5-6515BCF0AE29}.Debug|Any CPU.ActiveCfg = Debug|Any CPU
		{30E5389F-69E7-433A-A2B5-6515BCF0AE29}.Debug|Any CPU.Build.0 = Debug|Any CPU
		{30E5389F-69E7-433A-A2B5-6515BCF0AE29}.Release|Any CPU.ActiveCfg = Release|Any CPU
		{30E5389F-69E7-433A-A2B5-6515BCF0AE29}.Release|Any CPU.Build.0 = Release|Any CPU
		{6DFD46E2-DF39-4CF9-A77B-45C5BC915BF1}.Debug|Any CPU.ActiveCfg = Debug|Any CPU
		{6DFD46E2-DF39-4CF9-A77B-45C5BC915BF1}.Debug|Any CPU.Build.0 = Debug|Any CPU
		{6DFD46E2-DF39-4CF9-A77B-45C5BC915BF1}.Release|Any CPU.ActiveCfg = Release|Any CPU
		{6DFD46E2-DF39-4CF9-A77B-45C5BC915BF1}.Release|Any CPU.Build.0 = Release|Any CPU
		{4212D519-EA37-41D8-A50F-3AB70969D533}.Debug|Any CPU.ActiveCfg = Debug|Any CPU
		{4212D519-EA37-41D8-A50F-3AB70969D533}.Debug|Any CPU.Build.0 = Debug|Any CPU
		{4212D519-EA37-41D8-A50F-3AB70969D533}.Release|Any CPU.ActiveCfg = Release|Any CPU
		{4212D519-EA37-41D8-A50F-3AB70969D533}.Release|Any CPU.Build.0 = Release|Any CPU
		{811280B7-19D0-4893-8C53-7EDFB20F41DF}.Debug|Any CPU.ActiveCfg = Debug|Any CPU
		{811280B7-19D0-4893-8C53-7EDFB20F41DF}.Debug|Any CPU.Build.0 = Debug|Any CPU
		{811280B7-19D0-4893-8C53-7EDFB20F41DF}.Release|Any CPU.ActiveCfg = Release|Any CPU
		{811280B7-19D0-4893-8C53-7EDFB20F41DF}.Release|Any CPU.Build.0 = Release|Any CPU
	EndGlobalSection
	GlobalSection(SolutionProperties) = preSolution
		HideSolutionNode = FALSE
	EndGlobalSection
	GlobalSection(NestedProjects) = preSolution
		{016AEC38-2E97-426D-BA73-577615D111F1} = {F7D52CA0-FF0B-4690-9AA6-873A45CAB148}
		{87C95EFA-A837-45F1-9157-E3475411D782} = {4E81E007-1D23-47DA-9E73-72346C328910}
		{F7D52CA0-FF0B-4690-9AA6-873A45CAB148} = {4E81E007-1D23-47DA-9E73-72346C328910}
		{4290FB97-5F2F-4DF3-8CC2-47661A4F2C63} = {87C95EFA-A837-45F1-9157-E3475411D782}
		{4E14297B-652B-44D8-B2FB-1BFCEC115B52} = {87C95EFA-A837-45F1-9157-E3475411D782}
		{A0AD3C70-8D41-4C4F-8AE3-D7CED2860053} = {4E81E007-1D23-47DA-9E73-72346C328910}
		{920F5592-0E3C-4E13-B8F2-6C0399F03181} = {87C95EFA-A837-45F1-9157-E3475411D782}
		{12D9C86A-AAA8-42E4-B156-AE06AFB1719B} = {87C95EFA-A837-45F1-9157-E3475411D782}
		{FEFF220C-EA36-4077-8B25-BBB19FD52D20} = {87C95EFA-A837-45F1-9157-E3475411D782}
		{D63A467D-B95C-4C1B-B268-5781A0632CE9} = {87C95EFA-A837-45F1-9157-E3475411D782}
		{851B3107-4615-45F4-A483-FD99931F411B} = {87C95EFA-A837-45F1-9157-E3475411D782}
		{30E5389F-69E7-433A-A2B5-6515BCF0AE29} = {A0AD3C70-8D41-4C4F-8AE3-D7CED2860053}
		{6DFD46E2-DF39-4CF9-A77B-45C5BC915BF1} = {A0AD3C70-8D41-4C4F-8AE3-D7CED2860053}
		{4212D519-EA37-41D8-A50F-3AB70969D533} = {A0AD3C70-8D41-4C4F-8AE3-D7CED2860053}
		{811280B7-19D0-4893-8C53-7EDFB20F41DF} = {27245998-F24A-4372-9EB0-FFFD18613979}
	EndGlobalSection
	GlobalSection(ExtensibilityGlobals) = postSolution
		SolutionGuid = {E178B991-997F-46FC-A30C-0D092C89A286}
	EndGlobalSection
EndGlobal
